PODS:
  - iosMath (0.8.2)
  - YYText (1.0.5)

DEPENDENCIES:
  - iosMath (from `./`)
  - YYText

EXTERNAL SOURCES:
  iosMath:
    :path: ./

SPEC CHECKSUMS:
  iosMath: 1860211e90d41607415a746977a8e8597154ba4c
  YYText: ac09660c9ccd9b817f409a20caa6f5587444d2ae

PODFILE CHECKSUM: d3feb953f99f77a2a1f0dffe94defbfe09e2624d

COCOAPODS: 1.0.1
