PODS:
  - iosMath (0.8.1)
  - YYText (1.0.5)

DEPENDENCIES:
  - iosMath (from `./`)
  - YYText

EXTERNAL SOURCES:
  iosMath:
    :path: ./

SPEC CHECKSUMS:
  iosMath: fa91d590ca38efe94d2883eac95ddfa224d019fb
  YYText: ac09660c9ccd9b817f409a20caa6f5587444d2ae

PODFILE CHECKSUM: d3feb953f99f77a2a1f0dffe94defbfe09e2624d

COCOAPODS: 1.0.1
